
Microsoft Visual Studio Solution File, Format Version 12.00
# Visual Studio Version 17
VisualStudioVersion = 17.5.002.0
MinimumVisualStudioVersion = 10.0.40219.1
Project("{9A19103F-16F7-4668-BE54-9A1E7A4F7556}") = "BHDApi", "BHDApi.csproj", "{E52C87FF-64A7-45FA-A026-1FD30E84BEE1}"
EndProject
Global
	GlobalSection(SolutionConfigurationPlatforms) = preSolution
		Debug|Any CPU = Debug|Any CPU
		Release|Any CPU = Release|Any CPU
	EndGlobalSection
	GlobalSection(ProjectConfigurationPlatforms) = postSolution
		{E52C87FF-64A7-45FA-A026-1FD30E84BEE1}.Debug|Any CPU.ActiveCfg = Debug|Any CPU
		{E52C87FF-64A7-45FA-A026-1FD30E84BEE1}.Debug|Any CPU.Build.0 = Debug|Any CPU
		{E52C87FF-64A7-45FA-A026-1FD30E84BEE1}.Release|Any CPU.ActiveCfg = Release|Any CPU
		{E52C87FF-64A7-45FA-A026-1FD30E84BEE1}.Release|Any CPU.Build.0 = Release|Any CPU
	EndGlobalSection
	GlobalSection(SolutionProperties) = preSolution
		HideSolutionNode = FALSE
	EndGlobalSection
	GlobalSection(ExtensibilityGlobals) = postSolution
		SolutionGuid = {CA3204D0-1344-43A6-8764-02102D15776E}
	EndGlobalSection
EndGlobal
